# This file is @generated by PDM.
# It is not intended for manual editing.

[metadata]
groups = ["default", "dev"]
strategy = []
lock_version = "4.5.0"
content_hash = "sha256:d1ce7ef87487c97f20b7d824018b493282c0a03afbbde3a2d11dc7eba6994a7d"

[[metadata.targets]]
requires_python = ">=3.13"

[[package]]
name = "aiofile"
version = "3.9.0"
summary = ""
dependencies = [
    "caio",
]
files = [
    {file = "aiofile-3.9.0-py3-none-any.whl", hash = "sha256:ce2f6c1571538cbdfa0143b04e16b208ecb0e9cb4148e528af8a640ed51cc8aa"},
    {file = "aiofile-3.9.0.tar.gz", hash = "sha256:e5ad718bb148b265b6df1b3752c4d1d83024b93da9bd599df74b9d9ffcf7919b"},
]

[[package]]
name = "aiopath"
version = "0.7.7"
summary = ""
dependencies = [
    "aiofile",
    "anyio",
]
files = [
    {file = "aiopath-0.7.7-py2.py3-none-any.whl", hash = "sha256:cd5d18de8ede167e1db659f02ee448fe085f923cb8e194407ccc568bffc4fe4e"},
    {file = "aiopath-0.7.7.tar.gz", hash = "sha256:ad4b9d09ae08ddf6d39dd06e7b0a353939e89528da571c0cd4f3fe071aefad4f"},
]

[[package]]
name = "anyio"
version = "4.8.0"
summary = ""
dependencies = [
    "idna",
    "sniffio",
]
files = [
    {file = "anyio-4.8.0-py3-none-any.whl", hash = "sha256:b5011f270ab5eb0abf13385f851315585cc37ef330dd88e27ec3d34d651fd47a"},
    {file = "anyio-4.8.0.tar.gz", hash = "sha256:1d9fe889df5212298c0c0723fa20479d1b94883a2df44bd3897aa91083316f7a"},
]

[[package]]
name = "caio"
version = "0.9.21"
summary = ""
files = [
    {file = "caio-0.9.21-cp313-cp313-macosx_10_13_universal2.whl", hash = "sha256:de5a805bb646ce687ae7ffd5288d167ab306bef83af15771bd53681b98c46b90"},
    {file = "caio-0.9.21-cp313-cp313-manylinux_2_34_aarch64.whl", hash = "sha256:1819f4b8ca13f8f24350aa4ada40e5632abb595adf4f3a67babb695916fbb4c8"},
    {file = "caio-0.9.21-cp313-cp313-manylinux_2_34_x86_64.whl", hash = "sha256:56073b55bf37ec687ae4036b9fd1da365116627cc637f878006e984812270eac"},
    {file = "caio-0.9.21.tar.gz", hash = "sha256:4f1d30ad0f975de07b4a3ae1cd2e9275fa574f2ca0b49ba5ab16208575650a92"},
]

[[package]]
name = "idna"
version = "3.10"
summary = ""
files = [
    {file = "idna-3.10-py3-none-any.whl", hash = "sha256:946d195a0d259cbba61165e88e65941f16e9b36ea6ddb97f00452bae8b1287d3"},
    {file = "idna-3.10.tar.gz", hash = "sha256:12f65c9b470abda6dc35cf8e63cc574b1c52b11df2c86030af0ac09b01b13ea9"},
]

[[package]]
name = "jinja2"
version = "3.1.6"
summary = ""
dependencies = [
    "markupsafe",
]
files = [
    {file = "jinja2-3.1.6-py3-none-any.whl", hash = "sha256:85ece4451f492d0c13c5dd7c13a64681a86afae63a5f347908daf103ce6d2f67"},
    {file = "jinja2-3.1.6.tar.gz", hash = "sha256:0137fb05990d35f1275a587e9aee6d56da821fc83491a0fb838183be43f66d6d"},
]

[[package]]
name = "markupsafe"
version = "2.1.3"
summary = ""
files = [
    {file = "MarkupSafe-2.1.3.tar.gz", hash = "sha256:af598ed32d6ae86f1b747b82783958b1a4ab8f617b06fe68795c7f026abbdcad"},
]

[[package]]
name = "redis"
version = "5.2.1"
summary = ""
files = [
    {file = "redis-5.2.1-py3-none-any.whl", hash = "sha256:ee7e1056b9aea0f04c6c2ed59452947f34c4940ee025f5dd83e6a6418b6989e4"},
    {file = "redis-5.2.1.tar.gz", hash = "sha256:16f2e22dff21d5125e8481515e386711a34cbec50f0e44413dd7d9c060a54e0f"},
]

[[package]]
name = "sniffio"
version = "1.3.1"
summary = ""
files = [
    {file = "sniffio-1.3.1-py3-none-any.whl", hash = "sha256:2f6da418d1f1e0fddd844478f41680e794e6051915791a034ff65e5f100525a2"},
    {file = "sniffio-1.3.1.tar.gz", hash = "sha256:f4324edc670a0f49750a81b895f35c3adb843cca46f0530f79fc1babb23789dc"},
]
